
Microsoft Visual Studio Solution File, Format Version 12.00
Project("{FAE04EC0-301F-11D3-BF4B-00C04F79EFBC}") = "Web", "Web\Web.csproj", "{714B6035-A69C-4AF6-89D4-2068F46EA594}"
EndProject
Global
	GlobalSection(SolutionConfigurationPlatforms) = preSolution
		Debug|Any CPU = Debug|Any CPU
		Release|Any CPU = Release|Any CPU
	EndGlobalSection
	GlobalSection(ProjectConfigurationPlatforms) = postSolution
		{714B6035-A69C-4AF6-89D4-2068F46EA594}.Debug|Any CPU.ActiveCfg = Debug|Any CPU
		{714B6035-A69C-4AF6-89D4-2068F46EA594}.Debug|Any CPU.Build.0 = Debug|Any CPU
		{714B6035-A69C-4AF6-89D4-2068F46EA594}.Release|Any CPU.ActiveCfg = Release|Any CPU
		{714B6035-A69C-4AF6-89D4-2068F46EA594}.Release|Any CPU.Build.0 = Release|Any CPU
	EndGlobalSection
EndGlobal
